// !$*UTF8*$!
{
	archiveVersion = 1;
	classes = {
	};
	objectVersion = 50;
	objects = {

/* Begin PBXBuildFile section */
		520BDC2423F3119D00AE63C0 /* AppDelegate.swift in Sources */ = {isa = PBXBuildFile; fileRef = 520BDC2323F3119D00AE63C0 /* AppDelegate.swift */; };
		520BDC2623F3119D00AE63C0 /* ViewController.swift in Sources */ = {isa = PBXBuildFile; fileRef = 520BDC2523F3119D00AE63C0 /* ViewController.swift */; };
		520BDC2923F3119D00AE63C0 /* Main.storyboard in Resources */ = {isa = PBXBuildFile; fileRef = 520BDC2723F3119D00AE63C0 /* Main.storyboard */; };
		520BDC2B23F3119E00AE63C0 /* Assets.xcassets in Resources */ = {isa = PBXBuildFile; fileRef = 520BDC2A23F3119E00AE63C0 /* Assets.xcassets */; };
		520BDC2E23F3119E00AE63C0 /* LaunchScreen.storyboard in Resources */ = {isa = PBXBuildFile; fileRef = 520BDC2C23F3119E00AE63C0 /* LaunchScreen.storyboard */; };
		520BDC3723F311BB00AE63C0 /* QuartzCore.framework in Frameworks */ = {isa = PBXBuildFile; fileRef = 520BDC3623F311BB00AE63C0 /* QuartzCore.framework */; };
		520BDC3923F311C700AE63C0 /* AVFoundation.framework in Frameworks */ = {isa = PBXBuildFile; fileRef = 520BDC3823F311C700AE63C0 /* AVFoundation.framework */; };
		520BDC4023F3124600AE63C0 /* SongViewController.swift in Sources */ = {isa = PBXBuildFile; fileRef = 520BDC3F23F3124600AE63C0 /* SongViewController.swift */; };
		520BDC4823F31BF000AE63C0 /* song3.mp3 in Resources */ = {isa = PBXBuildFile; fileRef = 520BDC4523F31BF000AE63C0 /* song3.mp3 */; };
		520BDC4923F31BF000AE63C0 /* song1.mp3 in Resources */ = {isa = PBXBuildFile; fileRef = 520BDC4623F31BF000AE63C0 /* song1.mp3 */; };
		520BDC4A23F31BF000AE63C0 /* song2.mp3 in Resources */ = {isa = PBXBuildFile; fileRef = 520BDC4723F31BF000AE63C0 /* song2.mp3 */; };
		52ABB90723F3331B00E65136 /* bird.png in Resources */ = {isa = PBXBuildFile; fileRef = 52ABB90623F3331B00E65136 /* bird.png */; };
/* End PBXBuildFile section */

/* Begin PBXFileReference section */
		520BDC2023F3119D00AE63C0 /* CALayer.app */ = {isa = PBXFileReference; explicitFileType = wrapper.application; includeInIndex = 0; path = CALayer.app; sourceTree = BUILT_PRODUCTS_DIR; };
		520BDC2323F3119D00AE63C0 /* AppDelegate.swift */ = {isa = PBXFileReference; lastKnownFileType = sourcecode.swift; path = AppDelegate.swift; sourceTree = "<group>"; };
		520BDC2523F3119D00AE63C0 /* ViewController.swift */ = {isa = PBXFileReference; lastKnownFileType = sourcecode.swift; path = ViewController.swift; sourceTree = "<group>"; };
		520BDC2823F3119D00AE63C0 /* Base */ = {isa = PBXFileReference; lastKnownFileType = file.storyboard; name = Base; path = Base.lproj/Main.storyboard; sourceTree = "<group>"; };
		520BDC2A23F3119E00AE63C0 /* Assets.xcassets */ = {isa = PBXFileReference; lastKnownFileType = folder.assetcatalog; path = Assets.xcassets; sourceTree = "<group>"; };
		520BDC2D23F3119E00AE63C0 /* Base */ = {isa = PBXFileReference; lastKnownFileType = file.storyboard; name = Base; path = Base.lproj/LaunchScreen.storyboard; sourceTree = "<group>"; };
		520BDC2F23F3119E00AE63C0 /* Info.plist */ = {isa = PBXFileReference; lastKnownFileType = text.plist.xml; path = Info.plist; sourceTree = "<group>"; };
		520BDC3623F311BB00AE63C0 /* QuartzCore.framework */ = {isa = PBXFileReference; lastKnownFileType = wrapper.framework; name = QuartzCore.framework; path = System/Library/Frameworks/QuartzCore.framework; sourceTree = SDKROOT; };
		520BDC3823F311C700AE63C0 /* AVFoundation.framework */ = {isa = PBXFileReference; lastKnownFileType = wrapper.framework; name = AVFoundation.framework; path = System/Library/Frameworks/AVFoundation.framework; sourceTree = SDKROOT; };
		520BDC3F23F3124600AE63C0 /* SongViewController.swift */ = {isa = PBXFileReference; lastKnownFileType = sourcecode.swift; path = SongViewController.swift; sourceTree = "<group>"; };
		520BDC4523F31BF000AE63C0 /* song3.mp3 */ = {isa = PBXFileReference; lastKnownFileType = audio.mp3; path = song3.mp3; sourceTree = "<group>"; };
		520BDC4623F31BF000AE63C0 /* song1.mp3 */ = {isa = PBXFileReference; lastKnownFileType = audio.mp3; path = song1.mp3; sourceTree = "<group>"; };
		520BDC4723F31BF000AE63C0 /* song2.mp3 */ = {isa = PBXFileReference; lastKnownFileType = audio.mp3; path = song2.mp3; sourceTree = "<group>"; };
		52ABB90623F3331B00E65136 /* bird.png */ = {isa = PBXFileReference; lastKnownFileType = image.png; path = bird.png; sourceTree = "<group>"; };
/* End PBXFileReference section */

/* Begin PBXFrameworksBuildPhase section */
		520BDC1D23F3119D00AE63C0 /* Frameworks */ = {
			isa = PBXFrameworksBuildPhase;
			buildActionMask = 2147483647;
			files = (
				520BDC3923F311C700AE63C0 /* AVFoundation.framework in Frameworks */,
				520BDC3723F311BB00AE63C0 /* QuartzCore.framework in Frameworks */,
			);
			runOnlyForDeploymentPostprocessing = 0;
		};
/* End PBXFrameworksBuildPhase section */

/* Begin PBXGroup section */
		520BDC1723F3119D00AE63C0 = {
			isa = PBXGroup;
			children = (
				520BDC2223F3119D00AE63C0 /* CALayer */,
				520BDC2123F3119D00AE63C0 /* Products */,
				520BDC3523F311BB00AE63C0 /* Frameworks */,
			);
			sourceTree = "<group>";
		};
		520BDC2123F3119D00AE63C0 /* Products */ = {
			isa = PBXGroup;
			children = (
				520BDC2023F3119D00AE63C0 /* CALayer.app */,
			);
			name = Products;
			sourceTree = "<group>";
		};
		520BDC2223F3119D00AE63C0 /* CALayer */ = {
			isa = PBXGroup;
			children = (
				52ABB90523F332FB00E65136 /* Images */,
				520BDC3E23F3120300AE63C0 /* View Controllers */,
				520BDC3D23F311F900AE63C0 /* Music */,
				520BDC3C23F311F100AE63C0 /* Classes */,
				520BDC3B23F311EA00AE63C0 /* Storyboards */,
				520BDC2A23F3119E00AE63C0 /* Assets.xcassets */,
				520BDC2F23F3119E00AE63C0 /* Info.plist */,
			);
			path = CALayer;
			sourceTree = "<group>";
		};
		520BDC3523F311BB00AE63C0 /* Frameworks */ = {
			isa = PBXGroup;
			children = (
				520BDC3823F311C700AE63C0 /* AVFoundation.framework */,
				520BDC3623F311BB00AE63C0 /* QuartzCore.framework */,
			);
			name = Frameworks;
			sourceTree = "<group>";
		};
		520BDC3B23F311EA00AE63C0 /* Storyboards */ = {
			isa = PBXGroup;
			children = (
				520BDC2723F3119D00AE63C0 /* Main.storyboard */,
				520BDC2C23F3119E00AE63C0 /* LaunchScreen.storyboard */,
			);
			path = Storyboards;
			sourceTree = "<group>";
		};
		520BDC3C23F311F100AE63C0 /* Classes */ = {
			isa = PBXGroup;
			children = (
				520BDC2323F3119D00AE63C0 /* AppDelegate.swift */,
			);
			path = Classes;
			sourceTree = "<group>";
		};
		520BDC3D23F311F900AE63C0 /* Music */ = {
			isa = PBXGroup;
			children = (
				520BDC4623F31BF000AE63C0 /* song1.mp3 */,
				520BDC4723F31BF000AE63C0 /* song2.mp3 */,
				520BDC4523F31BF000AE63C0 /* song3.mp3 */,
			);
			path = Music;
			sourceTree = "<group>";
		};
		520BDC3E23F3120300AE63C0 /* View Controllers */ = {
			isa = PBXGroup;
			children = (
				520BDC2523F3119D00AE63C0 /* ViewController.swift */,
				520BDC3F23F3124600AE63C0 /* SongViewController.swift */,
			);
			path = "View Controllers";
			sourceTree = "<group>";
		};
		52ABB90523F332FB00E65136 /* Images */ = {
			isa = PBXGroup;
			children = (
				52ABB90623F3331B00E65136 /* bird.png */,
			);
			path = Images;
			sourceTree = "<group>";
		};
/* End PBXGroup section */

/* Begin PBXNativeTarget section */
		520BDC1F23F3119D00AE63C0 /* CALayer */ = {
			isa = PBXNativeTarget;
			buildConfigurationList = 520BDC3223F3119E00AE63C0 /* Build configuration list for PBXNativeTarget "CALayer" */;
			buildPhases = (
				520BDC1C23F3119D00AE63C0 /* Sources */,
				520BDC1D23F3119D00AE63C0 /* Frameworks */,
				520BDC1E23F3119D00AE63C0 /* Resources */,
			);
			buildRules = (
			);
			dependencies = (
			);
			name = CALayer;
			productName = CALayer;
			productReference = 520BDC2023F3119D00AE63C0 /* CALayer.app */;
			productType = "com.apple.product-type.application";
		};
/* End PBXNativeTarget section */

/* Begin PBXProject section */
		520BDC1823F3119D00AE63C0 /* Project object */ = {
			isa = PBXProject;
			attributes = {
				LastSwiftUpdateCheck = 1030;
				LastUpgradeCheck = 1030;
				ORGANIZATIONNAME = John;
				TargetAttributes = {
					520BDC1F23F3119D00AE63C0 = {
						CreatedOnToolsVersion = 10.3;
					};
				};
			};
			buildConfigurationList = 520BDC1B23F3119D00AE63C0 /* Build configuration list for PBXProject "CALayer" */;
			compatibilityVersion = "Xcode 9.3";
			developmentRegion = en;
			hasScannedForEncodings = 0;
			knownRegions = (
				en,
				Base,
			);
			mainGroup = 520BDC1723F3119D00AE63C0;
			productRefGroup = 520BDC2123F3119D00AE63C0 /* Products */;
			projectDirPath = "";
			projectRoot = "";
			targets = (
				520BDC1F23F3119D00AE63C0 /* CALayer */,
			);
		};
/* End PBXProject section */

/* Begin PBXResourcesBuildPhase section */
		520BDC1E23F3119D00AE63C0 /* Resources */ = {
			isa = PBXResourcesBuildPhase;
			buildActionMask = 2147483647;
			files = (
				520BDC4923F31BF000AE63C0 /* song1.mp3 in Resources */,
				520BDC2E23F3119E00AE63C0 /* LaunchScreen.storyboard in Resources */,
				520BDC4823F31BF000AE63C0 /* song3.mp3 in Resources */,
				520BDC4A23F31BF000AE63C0 /* song2.mp3 in Resources */,
				520BDC2B23F3119E00AE63C0 /* Assets.xcassets in Resources */,
				52ABB90723F3331B00E65136 /* bird.png in Resources */,
				520BDC2923F3119D00AE63C0 /* Main.storyboard in Resources */,
			);
			runOnlyForDeploymentPostprocessing = 0;
		};
/* End PBXResourcesBuildPhase section */

/* Begin PBXSourcesBuildPhase section */
		520BDC1C23F3119D00AE63C0 /* Sources */ = {
			isa = PBXSourcesBuildPhase;
			buildActionMask = 2147483647;
			files = (
				520BDC4023F3124600AE63C0 /* SongViewController.swift in Sources */,
				520BDC2623F3119D00AE63C0 /* ViewController.swift in Sources */,
				520BDC2423F3119D00AE63C0 /* AppDelegate.swift in Sources */,
			);
			runOnlyForDeploymentPostprocessing = 0;
		};
/* End PBXSourcesBuildPhase section */

/* Begin PBXVariantGroup section */
		520BDC2723F3119D00AE63C0 /* Main.storyboard */ = {
			isa = PBXVariantGroup;
			children = (
				520BDC2823F3119D00AE63C0 /* Base */,
			);
			name = Main.storyboard;
			sourceTree = "<group>";
		};
		520BDC2C23F3119E00AE63C0 /* LaunchScreen.storyboard */ = {
			isa = PBXVariantGroup;
			children = (
				520BDC2D23F3119E00AE63C0 /* Base */,
			);
			name = LaunchScreen.storyboard;
			sourceTree = "<group>";
		};
/* End PBXVariantGroup section */

/* Begin XCBuildConfiguration section */
		520BDC3023F3119E00AE63C0 /* Debug */ = {
			isa = XCBuildConfiguration;
			buildSettings = {
				ALWAYS_SEARCH_USER_PATHS = NO;
				CLANG_ANALYZER_NONNULL = YES;
				CLANG_ANALYZER_NUMBER_OBJECT_CONVERSION = YES_AGGRESSIVE;
				CLANG_CXX_LANGUAGE_STANDARD = "gnu++14";
				CLANG_CXX_LIBRARY = "libc++";
				CLANG_ENABLE_MODULES = YES;
				CLANG_ENABLE_OBJC_ARC = YES;
				CLANG_ENABLE_OBJC_WEAK = YES;
				CLANG_WARN_BLOCK_CAPTURE_AUTORELEASING = YES;
				CLANG_WARN_BOOL_CONVERSION = YES;
				CLANG_WARN_COMMA = YES;
				CLANG_WARN_CONSTANT_CONVERSION = YES;
				CLANG_WARN_DEPRECATED_OBJC_IMPLEMENTATIONS = YES;
				CLANG_WARN_DIRECT_OBJC_ISA_USAGE = YES_ERROR;
				CLANG_WARN_DOCUMENTATION_COMMENTS = YES;
				CLANG_WARN_EMPTY_BODY = YES;
				CLANG_WARN_ENUM_CONVERSION = YES;
				CLANG_WARN_INFINITE_RECURSION = YES;
				CLANG_WARN_INT_CONVERSION = YES;
				CLANG_WARN_NON_LITERAL_NULL_CONVERSION = YES;
				CLANG_WARN_OBJC_IMPLICIT_RETAIN_SELF = YES;
				CLANG_WARN_OBJC_LITERAL_CONVERSION = YES;
				CLANG_WARN_OBJC_ROOT_CLASS = YES_ERROR;
				CLANG_WARN_RANGE_LOOP_ANALYSIS = YES;
				CLANG_WARN_STRICT_PROTOTYPES = YES;
				CLANG_WARN_SUSPICIOUS_MOVE = YES;
				CLANG_WARN_UNGUARDED_AVAILABILITY = YES_AGGRESSIVE;
				CLANG_WARN_UNREACHABLE_CODE = YES;
				CLANG_WARN__DUPLICATE_METHOD_MATCH = YES;
				CODE_SIGN_IDENTITY = "iPhone Developer";
				COPY_PHASE_STRIP = NO;
				DEBUG_INFORMATION_FORMAT = dwarf;
				ENABLE_STRICT_OBJC_MSGSEND = YES;
				ENABLE_TESTABILITY = YES;
				GCC_C_LANGUAGE_STANDARD = gnu11;
				GCC_DYNAMIC_NO_PIC = NO;
				GCC_NO_COMMON_BLOCKS = YES;
				GCC_OPTIMIZATION_LEVEL = 0;
				GCC_PREPROCESSOR_DEFINITIONS = (
					"DEBUG=1",
					"$(inherited)",
				);
				GCC_WARN_64_TO_32_BIT_CONVERSION = YES;
				GCC_WARN_ABOUT_RETURN_TYPE = YES_ERROR;
				GCC_WARN_UNDECLARED_SELECTOR = YES;
				GCC_WARN_UNINITIALIZED_AUTOS = YES_AGGRESSIVE;
				GCC_WARN_UNUSED_FUNCTION = YES;
				GCC_WARN_UNUSED_VARIABLE = YES;
				IPHONEOS_DEPLOYMENT_TARGET = 12.4;
				MTL_ENABLE_DEBUG_INFO = INCLUDE_SOURCE;
				MTL_FAST_MATH = YES;
				ONLY_ACTIVE_ARCH = YES;
				SDKROOT = iphoneos;
				SWIFT_ACTIVE_COMPILATION_CONDITIONS = DEBUG;
				SWIFT_OPTIMIZATION_LEVEL = "-Onone";
			};
			name = Debug;
		};
		520BDC3123F3119E00AE63C0 /* Release */ = {
			isa = XCBuildConfiguration;
			buildSettings = {
				ALWAYS_SEARCH_USER_PATHS = NO;
				CLANG_ANALYZER_NONNULL = YES;
				CLANG_ANALYZER_NUMBER_OBJECT_CONVERSION = YES_AGGRESSIVE;
				CLANG_CXX_LANGUAGE_STANDARD = "gnu++14";
				CLANG_CXX_LIBRARY = "libc++";
				CLANG_ENABLE_MODULES = YES;
				CLANG_ENABLE_OBJC_ARC = YES;
				CLANG_ENABLE_OBJC_WEAK = YES;
				CLANG_WARN_BLOCK_CAPTURE_AUTORELEASING = YES;
				CLANG_WARN_BOOL_CONVERSION = YES;
				CLANG_WARN_COMMA = YES;
				CLANG_WARN_CONSTANT_CONVERSION = YES;
				CLANG_WARN_DEPRECATED_OBJC_IMPLEMENTATIONS = YES;
				CLANG_WARN_DIRECT_OBJC_ISA_USAGE = YES_ERROR;
				CLANG_WARN_DOCUMENTATION_COMMENTS = YES;
				CLANG_WARN_EMPTY_BODY = YES;
				CLANG_WARN_ENUM_CONVERSION = YES;
				CLANG_WARN_INFINITE_RECURSION = YES;
				CLANG_WARN_INT_CONVERSION = YES;
				CLANG_WARN_NON_LITERAL_NULL_CONVERSION = YES;
				CLANG_WARN_OBJC_IMPLICIT_RETAIN_SELF = YES;
				CLANG_WARN_OBJC_LITERAL_CONVERSION = YES;
				CLANG_WARN_OBJC_ROOT_CLASS = YES_ERROR;
				CLANG_WARN_RANGE_LOOP_ANALYSIS = YES;
				CLANG_WARN_STRICT_PROTOTYPES = YES;
				CLANG_WARN_SUSPICIOUS_MOVE = YES;
				CLANG_WARN_UNGUARDED_AVAILABILITY = YES_AGGRESSIVE;
				CLANG_WARN_UNREACHABLE_CODE = YES;
				CLANG_WARN__DUPLICATE_METHOD_MATCH = YES;
				CODE_SIGN_IDENTITY = "iPhone Developer";
				COPY_PHASE_STRIP = NO;
				DEBUG_INFORMATION_FORMAT = "dwarf-with-dsym";
				ENABLE_NS_ASSERTIONS = NO;
				ENABLE_STRICT_OBJC_MSGSEND = YES;
				GCC_C_LANGUAGE_STANDARD = gnu11;
				GCC_NO_COMMON_BLOCKS = YES;
				GCC_WARN_64_TO_32_BIT_CONVERSION = YES;
				GCC_WARN_ABOUT_RETURN_TYPE = YES_ERROR;
				GCC_WARN_UNDECLARED_SELECTOR = YES;
				GCC_WARN_UNINITIALIZED_AUTOS = YES_AGGRESSIVE;
				GCC_WARN_UNUSED_FUNCTION = YES;
				GCC_WARN_UNUSED_VARIABLE = YES;
				IPHONEOS_DEPLOYMENT_TARGET = 12.4;
				MTL_ENABLE_DEBUG_INFO = NO;
				MTL_FAST_MATH = YES;
				SDKROOT = iphoneos;
				SWIFT_COMPILATION_MODE = wholemodule;
				SWIFT_OPTIMIZATION_LEVEL = "-O";
				VALIDATE_PRODUCT = YES;
			};
			name = Release;
		};
		520BDC3323F3119E00AE63C0 /* Debug */ = {
			isa = XCBuildConfiguration;
			buildSettings = {
				ASSETCATALOG_COMPILER_APPICON_NAME = AppIcon;
				CODE_SIGN_STYLE = Automatic;
				INFOPLIST_FILE = CALayer/Info.plist;
				LD_RUNPATH_SEARCH_PATHS = (
					"$(inherited)",
					"@executable_path/Frameworks",
				);
				PRODUCT_BUNDLE_IDENTIFIER = sapanjo.CALayer;
				PRODUCT_NAME = "$(TARGET_NAME)";
				SWIFT_VERSION = 5.0;
				TARGETED_DEVICE_FAMILY = "1,2";
			};
			name = Debug;
		};
		520BDC3423F3119E00AE63C0 /* Release */ = {
			isa = XCBuildConfiguration;
			buildSettings = {
				ASSETCATALOG_COMPILER_APPICON_NAME = AppIcon;
				CODE_SIGN_STYLE = Automatic;
				INFOPLIST_FILE = CALayer/Info.plist;
				LD_RUNPATH_SEARCH_PATHS = (
					"$(inherited)",
					"@executable_path/Frameworks",
				);
				PRODUCT_BUNDLE_IDENTIFIER = sapanjo.CALayer;
				PRODUCT_NAME = "$(TARGET_NAME)";
				SWIFT_VERSION = 5.0;
				TARGETED_DEVICE_FAMILY = "1,2";
			};
			name = Release;
		};
/* End XCBuildConfiguration section */

/* Begin XCConfigurationList section */
		520BDC1B23F3119D00AE63C0 /* Build configuration list for PBXProject "CALayer" */ = {
			isa = XCConfigurationList;
			buildConfigurations = (
				520BDC3023F3119E00AE63C0 /* Debug */,
				520BDC3123F3119E00AE63C0 /* Release */,
			);
			defaultConfigurationIsVisible = 0;
			defaultConfigurationName = Release;
		};
		520BDC3223F3119E00AE63C0 /* Build configuration list for PBXNativeTarget "CALayer" */ = {
			isa = XCConfigurationList;
			buildConfigurations = (
				520BDC3323F3119E00AE63C0 /* Debug */,
				520BDC3423F3119E00AE63C0 /* Release */,
			);
			defaultConfigurationIsVisible = 0;
			defaultConfigurationName = Release;
		};
/* End XCConfigurationList section */
	};
	rootObject = 520BDC1823F3119D00AE63C0 /* Project object */;
}
